{
  "name": "barkey-pet-sitting",
  "lockfileVersion": 3,
  "requires": true,
  "packages": {
    "": {
      "devDependencies": {
        "cssstats": "^4.0.5"
      }
    },
    "node_modules/bytes": {
      "version": "3.1.2",
      "resolved": "https://registry.npmjs.org/bytes/-/bytes-3.1.2.tgz",
      "integrity": "sha512-/Nf7TyzTx6S3yRJObOAV7956r8cr2+Oj8AC5dt8wSP3BQAoeX58NoHyCU8P8zGkNXStjTSi6fzO6F0pBdcYbEg==",
      "dev": true,
      "engines": {
        "node": ">= 0.8"
      }
    },
    "node_modules/css-color-names": {
      "version": "0.0.1",
      "resolved": "https://registry.npmjs.org/css-color-names/-/css-color-names-0.0.1.tgz",
      "integrity": "sha512-i7o8lqlrmiG/EUzlBftBncsrkYgBCfCI9X6plNxdyXMZlMNd4hPX7u/o7YLH9vwXPPPAr+BUs3R0oto+lzjbyA==",
      "dev": true,
      "engines": {
        "node": "*"
      }
    },
    "node_modules/css-selector-tokenizer": {
      "version": "0.7.3",
      "resolved": "https://registry.npmjs.org/css-selector-tokenizer/-/css-selector-tokenizer-0.7.3.tgz",
      "integrity": "sha512-jWQv3oCEL5kMErj4wRnK/OPoBi0D+P1FR2cDCKYPaMeD2eW3/mttav8HT4hT1CKopiJI/psEULjkClhvJo4Lvg==",
      "dev": true,
      "dependencies": {
        "cssesc": "^3.0.0",
        "fastparse": "^1.1.2"
      }
    },
    "node_modules/css-shorthand-expand": {
      "version": "1.2.0",
      "resolved": "https://registry.npmjs.org/css-shorthand-expand/-/css-shorthand-expand-1.2.0.tgz",
      "integrity": "sha512-L3RS1VNYuXgMOfVGX4WzP9AFK6KL0JuioSoO8661egEac2eHX9/s4yFO8mgK6QEtm8UmU8IvuKzPgdQpU0DhpQ==",
      "dev": true,
      "dependencies": {
        "css-color-names": "0.0.1",
        "css-url-regex": "0.0.1",
        "hex-color-regex": "^1.0.1",
        "hsl-regex": "^1.0.0",
        "hsla-regex": "^1.0.0",
        "map-obj": "^1.0.0",
        "repeat-element": "^1.1.0",
        "rgb-regex": "^1.0.1",
        "rgba-regex": "^1.0.0",
        "xtend": "^4.0.0"
      }
    },
    "node_modules/css-shorthand-properties": {
      "version": "1.1.2",
      "resolved": "https://registry.npmjs.org/css-shorthand-properties/-/css-shorthand-properties-1.1.2.tgz",
      "integrity": "sha512-C2AugXIpRGQTxaCW0N7n5jD/p5irUmCrwl03TrnMFBHDbdq44CFWR2zO7rK9xPN4Eo3pUxC4vQzQgbIpzrD1PQ==",
      "dev": true
    },
    "node_modules/css-url-regex": {
      "version": "0.0.1",
      "resolved": "https://registry.npmjs.org/css-url-regex/-/css-url-regex-0.0.1.tgz",
      "integrity": "sha512-nFtRgFyJUwz9pyMpyscglpHEFdEJ+y2Q8pK33I99gzhUV1OFzS3t5DtIop3VWLIoGFr4mWcM4hJuWPLXn1NXgA==",
      "dev": true
    },
    "node_modules/cssesc": {
      "version": "3.0.0",
      "resolved": "https://registry.npmjs.org/cssesc/-/cssesc-3.0.0.tgz",
      "integrity": "sha512-/Tb/JcjK111nNScGob5MNtsntNM1aCNUDipB/TkwZFhyDrrE47SOx/18wF2bbjgc3ZzCSKW1T5nt5EbFoAz/Vg==",
      "dev": true,
      "bin": {
        "cssesc": "bin/cssesc"
      },
      "engines": {
        "node": ">=4"
      }
    },
    "node_modules/cssstats": {
      "version": "4.0.5",
      "resolved": "https://registry.npmjs.org/cssstats/-/cssstats-4.0.5.tgz",
      "integrity": "sha512-Q5vVJAlR1OgZppst4Qkn0mYADVan/8fNgd6cGpANk2mC+jFKUWjaC0T7Byvr0yWWRWOTIv6Y2g1eL0csmorPbw==",
      "dev": true,
      "dependencies": {
        "bytes": "^3.1.0",
        "css-selector-tokenizer": "^0.7.3",
        "css-shorthand-expand": "^1.2.0",
        "gzip-size": "^6.0.0",
        "has-class-selector": "^4.0.0",
        "has-element-selector": "^4.0.0",
        "has-id-selector": "^4.0.0",
        "has-pseudo-class": "^4.0.0",
        "has-pseudo-element": "^4.0.0",
        "is-blank": "^2.1.0",
        "is-css-shorthand": "^1.0.1",
        "is-present": "^1.0.0",
        "is-vendor-prefixed": "^4.0.0",
        "lodash": "^4.17.20",
        "postcss": "^8.1.4",
        "postcss-custom-properties": "^12.1.6",
        "postcss-safe-parser": "^5.0.2",
        "specificity": "^0.4.1"
      }
    },
    "node_modules/duplexer": {
      "version": "0.1.2",
      "resolved": "https://registry.npmjs.org/duplexer/-/duplexer-0.1.2.tgz",
      "integrity": "sha512-jtD6YG370ZCIi/9GTaJKQxWTZD045+4R4hTk/x1UyoqadyJ9x9CgSi1RlVDQF8U2sxLLSnFkCaMihqljHIWgMg==",
      "dev": true
    },
    "node_modules/fastparse": {
      "version": "1.1.2",
      "resolved": "https://registry.npmjs.org/fastparse/-/fastparse-1.1.2.tgz",
      "integrity": "sha512-483XLLxTVIwWK3QTrMGRqUfUpoOs/0hbQrl2oz4J0pAcm3A3bu84wxTFqGqkJzewCLdME38xJLJAxBABfQT8sQ==",
      "dev": true
    },
    "node_modules/gzip-size": {
      "version": "6.0.0",
      "resolved": "https://registry.npmjs.org/gzip-size/-/gzip-size-6.0.0.tgz",
      "integrity": "sha512-ax7ZYomf6jqPTQ4+XCpUGyXKHk5WweS+e05MBO4/y3WJ5RkmPXNKvX+bx1behVILVwr6JSQvZAku021CHPXG3Q==",
      "dev": true,
      "dependencies": {
        "duplexer": "^0.1.2"
      },
      "engines": {
        "node": ">=10"
      },
      "funding": {
        "url": "https://github.com/sponsors/sindresorhus"
      }
    },
    "node_modules/has-class-selector": {
      "version": "4.0.0",
      "resolved": "https://registry.npmjs.org/has-class-selector/-/has-class-selector-4.0.0.tgz",
      "integrity": "sha512-vHI2AQG8kvJAxcQCOdG8aUiTHhUnmGt40f/3KJtiWLFNvt3YlcbdbWJAoZIs0hirQoFN+P8NIwpJMb7LRkkuSA==",
      "dev": true
    },
    "node_modules/has-element-selector": {
      "version": "4.0.0",
      "resolved": "https://registry.npmjs.org/has-element-selector/-/has-element-selector-4.0.0.tgz",
      "integrity": "sha512-L85fbzBoV78AqC5X34wlfp3qev+hzXEEtqSOXoPDXFtIBmFn4sxVlsIUtTZQA/2hu7dt9xpuqWDB+GS4Y7tbRQ==",
      "dev": true,
      "dependencies": {
        "css-selector-tokenizer": "^0.7.3"
      }
    },
    "node_modules/has-id-selector": {
      "version": "4.0.0",
      "resolved": "https://registry.npmjs.org/has-id-selector/-/has-id-selector-4.0.0.tgz",
      "integrity": "sha512-JSCvmyVpsn4p4Bjt+u8vbydNAK3m5Ixu+cF/B1X9gRHBQan4Bkd/eE/jQ191O2KofObLHyeTWfrzfbTA/0NRIg==",
      "dev": true
    },
    "node_modules/has-pseudo-class": {
      "version": "4.0.0",
      "resolved": "https://registry.npmjs.org/has-pseudo-class/-/has-pseudo-class-4.0.0.tgz",
      "integrity": "sha512-H9NPtMTs85zQ9drMtGqSdQcmqr4oprxCdUVyldwsHXHQO33fzIpX/X96iBovmu8YIdaQ6XGg9ZxPrBifjcfILg==",
      "dev": true,
      "dependencies": {
        "pseudo-classes": "1.0.0"
      }
    },
    "node_modules/has-pseudo-element": {
      "version": "4.0.0",
      "resolved": "https://registry.npmjs.org/has-pseudo-element/-/has-pseudo-element-4.0.0.tgz",
      "integrity": "sha512-JibJn1za1U1ue/hxmVIwR+NdX0tYfpltzQNqLADKeyMlUbfCo16jUvX9ZmMgS3OpQw4WSSedTrTk9KokzswuxQ==",
      "dev": true,
      "dependencies": {
        "pseudo-elements": "1.1.0"
      }
    },
    "node_modules/hex-color-regex": {
      "version": "1.1.0",
      "resolved": "https://registry.npmjs.org/hex-color-regex/-/hex-color-regex-1.1.0.tgz",
      "integrity": "sha512-l9sfDFsuqtOqKDsQdqrMRk0U85RZc0RtOR9yPI7mRVOa4FsR/BVnZ0shmQRM96Ji99kYZP/7hn1cedc1+ApsTQ==",
      "dev": true
    },
    "node_modules/hsl-regex": {
      "version": "1.0.0",
      "resolved": "https://registry.npmjs.org/hsl-regex/-/hsl-regex-1.0.0.tgz",
      "integrity": "sha512-M5ezZw4LzXbBKMruP+BNANf0k+19hDQMgpzBIYnya//Al+fjNct9Wf3b1WedLqdEs2hKBvxq/jh+DsHJLj0F9A==",
      "dev": true
    },
    "node_modules/hsla-regex": {
      "version": "1.0.0",
      "resolved": "https://registry.npmjs.org/hsla-regex/-/hsla-regex-1.0.0.tgz",
      "integrity": "sha512-7Wn5GMLuHBjZCb2bTmnDOycho0p/7UVaAeqXZGbHrBCl6Yd/xDhQJAXe6Ga9AXJH2I5zY1dEdYw2u1UptnSBJA==",
      "dev": true
    },
    "node_modules/is-blank": {
      "version": "2.1.0",
      "resolved": "https://registry.npmjs.org/is-blank/-/is-blank-2.1.0.tgz",
      "integrity": "sha512-SOPvTu4ZRlJOSBBYV7+6D6wN+2UcN6IJCaQ2Yeu3BQ3oolsD4dqF95sz52TCSgMVCLR1osLOXIiFsO2TKp0GZA==",
      "dev": true,
      "dependencies": {
        "is-empty": "latest",
        "is-whitespace": "latest"
      }
    },
    "node_modules/is-css-shorthand": {
      "version": "1.0.1",
      "resolved": "https://registry.npmjs.org/is-css-shorthand/-/is-css-shorthand-1.0.1.tgz",
      "integrity": "sha512-SXXTYSufuLvRBofGIlg7nGnD+a7eWePl6yKqoKsmYGN29RQL85AaNPr7lttF1JkGLQA7IBWvLnHxe/bAObRCOQ==",
      "dev": true,
      "dependencies": {
        "css-shorthand-properties": "^1.0.0"
      }
    },
    "node_modules/is-empty": {
      "version": "1.2.0",
      "resolved": "https://registry.npmjs.org/is-empty/-/is-empty-1.2.0.tgz",
      "integrity": "sha512-F2FnH/otLNJv0J6wc73A5Xo7oHLNnqplYqZhUu01tD54DIPvxIRSTSLkrUB/M0nHO4vo1O9PDfN4KoTxCzLh/w==",
      "dev": true
    },
    "node_modules/is-present": {
      "version": "1.0.0",
      "resolved": "https://registry.npmjs.org/is-present/-/is-present-1.0.0.tgz",
      "integrity": "sha512-k3hcumGPxoqTO0fs5aoomkyDjViXgb7lWBB/iFIn+zg9EepNJwUJmi+BzD3k2i0fNTMWYRBHGLOTPtOEzFREVA==",
      "dev": true,
      "dependencies": {
        "is-blank": "1.0.0"
      }
    },
    "node_modules/is-present/node_modules/is-blank": {
      "version": "1.0.0",
      "resolved": "https://registry.npmjs.org/is-blank/-/is-blank-1.0.0.tgz",
      "integrity": "sha512-TdhL1rVh1YmRNeVCEMXacXGTHNczcprPR1+jym5Hbnpa8qLoIMtMmjpU1d7Y0YdCcco2PAvARdnLQ6Thx/jaew==",
      "dev": true,
      "dependencies": {
        "is-empty": "0.0.1",
        "is-whitespace": "^0.3.0"
      }
    },
    "node_modules/is-present/node_modules/is-empty": {
      "version": "0.0.1",
      "resolved": "https://registry.npmjs.org/is-empty/-/is-empty-0.0.1.tgz",
      "integrity": "sha512-jYWXLEBmq8udg0gP7mw8tmyd9Yahzzp3kfLdcXj7ydkeVxjQkQ82U/Fx1sJRUMfkpO6vDGjWfke1tK8XYv+T5Q==",
      "dev": true
    },
    "node_modules/is-vendor-prefixed": {
      "version": "4.0.0",
      "resolved": "https://registry.npmjs.org/is-vendor-prefixed/-/is-vendor-prefixed-4.0.0.tgz",
      "integrity": "sha512-IOs6nB0cELr2AfldQbfGf5urbX74pYE2Z9sULu2yeQswqodxtQZwi+avzSGM6AVJ5KbvfStd8lH/ooZ+B5cdUg==",
      "dev": true,
      "dependencies": {
        "vendor-prefixes": "1.0.0"
      }
    },
    "node_modules/is-whitespace": {
      "version": "0.3.0",
      "resolved": "https://registry.npmjs.org/is-whitespace/-/is-whitespace-0.3.0.tgz",
      "integrity": "sha512-RydPhl4S6JwAyj0JJjshWJEFG6hNye3pZFBRZaTUfZFwGHxzppNaNOVgQuS/E/SlhrApuMXrpnK1EEIXfdo3Dg==",
      "dev": true,
      "engines": {
        "node": ">=0.10.0"
      }
    },
    "node_modules/lodash": {
      "version": "4.18.1",
      "resolved": "https://registry.npmjs.org/lodash/-/lodash-4.18.1.tgz",
      "integrity": "sha512-dMInicTPVE8d1e5otfwmmjlxkZoUpiVLwyeTdUsi/Caj/gfzzblBcCE5sRHV/AsjuCmxWrte2TNGSYuCeCq+0Q==",
      "dev": true
    },
    "node_modules/map-obj": {
      "version": "1.0.1",
      "resolved": "https://registry.npmjs.org/map-obj/-/map-obj-1.0.1.tgz",
      "integrity": "sha512-7N/q3lyZ+LVCp7PzuxrJr4KMbBE2hW7BT7YNia330OFxIf4d3r5zVpicP2650l7CPN6RM9zOJRl3NGpqSiw3Eg==",
      "dev": true,
      "engines": {
        "node": ">=0.10.0"
      }
    },
    "node_modules/nanoid": {
      "version": "3.3.15",
      "resolved": "https://registry.npmjs.org/nanoid/-/nanoid-3.3.15.tgz",
      "integrity": "sha512-y7Wygv/7mEOvxTuEQDB8StXdMRBWf1kR/tlhAzBRUFkB2jfcLOAxO/SHmOO2zgz1pVgK29/kyupn059/bCHdjA==",
      "dev": true,
      "funding": [
        {
          "type": "github",
          "url": "https://github.com/sponsors/ai"
        }
      ],
      "bin": {
        "nanoid": "bin/nanoid.cjs"
      },
      "engines": {
        "node": "^10 || ^12 || ^13.7 || ^14 || >=15.0.1"
      }
    },
    "node_modules/picocolors": {
      "version": "1.1.1",
      "resolved": "https://registry.npmjs.org/picocolors/-/picocolors-1.1.1.tgz",
      "integrity": "sha512-xceH2snhtb5M9liqDsmEw56le376mTZkEX/jEb/RxNFyegNul7eNslCXP9FDj/Lcu0X8KEyMceP2ntpaHrDEVA==",
      "dev": true
    },
    "node_modules/postcss": {
      "version": "8.5.15",
      "resolved": "https://registry.npmjs.org/postcss/-/postcss-8.5.15.tgz",
      "integrity": "sha512-FfR8sjd4em2T6fb3I2MwAJU7HWVMr9zba+enmQeeWFfCbm+UOC/0X4DS8XtpUTMwWMGbjKYP7xjfNekzyGmB3A==",
      "dev": true,
      "funding": [
        {
          "type": "opencollective",
          "url": "https://opencollective.com/postcss/"
        },
        {
          "type": "tidelift",
          "url": "https://tidelift.com/funding/github/npm/postcss"
        },
        {
          "type": "github",
          "url": "https://github.com/sponsors/ai"
        }
      ],
      "dependencies": {
        "nanoid": "^3.3.12",
        "picocolors": "^1.1.1",
        "source-map-js": "^1.2.1"
      },
      "engines": {
        "node": "^10 || ^12 || >=14"
      }
    },
    "node_modules/postcss-custom-properties": {
      "version": "12.1.11",
      "resolved": "https://registry.npmjs.org/postcss-custom-properties/-/postcss-custom-properties-12.1.11.tgz",
      "integrity": "sha512-0IDJYhgU8xDv1KY6+VgUwuQkVtmYzRwu+dMjnmdMafXYv86SWqfxkc7qdDvWS38vsjaEtv8e0vGOUQrAiMBLpQ==",
      "dev": true,
      "dependencies": {
        "postcss-value-parser": "^4.2.0"
      },
      "engines": {
        "node": "^12 || ^14 || >=16"
      },
      "funding": {
        "type": "opencollective",
        "url": "https://opencollective.com/csstools"
      },
      "peerDependencies": {
        "postcss": "^8.2"
      }
    },
    "node_modules/postcss-safe-parser": {
      "version": "5.0.2",
      "resolved": "https://registry.npmjs.org/postcss-safe-parser/-/postcss-safe-parser-5.0.2.tgz",
      "integrity": "sha512-jDUfCPJbKOABhwpUKcqCVbbXiloe/QXMcbJ6Iipf3sDIihEzTqRCeMBfRaOHxhBuTYqtASrI1KJWxzztZU4qUQ==",
      "dev": true,
      "dependencies": {
        "postcss": "^8.1.0"
      },
      "engines": {
        "node": ">=10.0"
      },
      "funding": {
        "type": "opencollective",
        "url": "https://opencollective.com/postcss/"
      }
    },
    "node_modules/postcss-value-parser": {
      "version": "4.2.0",
      "resolved": "https://registry.npmjs.org/postcss-value-parser/-/postcss-value-parser-4.2.0.tgz",
      "integrity": "sha512-1NNCs6uurfkVbeXG4S8JFT9t19m45ICnif8zWLd5oPSZ50QnwMfK+H3jv408d4jw/7Bttv5axS5IiHoLaVNHeQ==",
      "dev": true
    },
    "node_modules/pseudo-classes": {
      "version": "1.0.0",
      "resolved": "https://registry.npmjs.org/pseudo-classes/-/pseudo-classes-1.0.0.tgz",
      "integrity": "sha512-s3l2tOm0vTmDL4muvRfGMnAxJ0kYSeuZu+wOjNTHsm/4UtDGBZ8sMl0jPwwJgo+wRw2EQqVjqHdjIUcLzGgnJw==",
      "dev": true
    },
    "node_modules/pseudo-elements": {
      "version": "1.1.0",
      "resolved": "https://registry.npmjs.org/pseudo-elements/-/pseudo-elements-1.1.0.tgz",
      "integrity": "sha512-+Lhs/odu0/h4slKf1/vvAIwrsl+1LNPb1cllAmVsf+yW/k3pE8wTZRqsdCToeu+zzeixGk+q3uuArFd0cl2Aiw==",
      "dev": true
    },
    "node_modules/repeat-element": {
      "version": "1.1.4",
      "resolved": "https://registry.npmjs.org/repeat-element/-/repeat-element-1.1.4.tgz",
      "integrity": "sha512-LFiNfRcSu7KK3evMyYOuCzv3L10TW7yC1G2/+StMjK8Y6Vqd2MG7r/Qjw4ghtuCOjFvlnms/iMmLqpvW/ES/WQ==",
      "dev": true,
      "engines": {
        "node": ">=0.10.0"
      }
    },
    "node_modules/rgb-regex": {
      "version": "1.0.1",
      "resolved": "https://registry.npmjs.org/rgb-regex/-/rgb-regex-1.0.1.tgz",
      "integrity": "sha512-gDK5mkALDFER2YLqH6imYvK6g02gpNGM4ILDZ472EwWfXZnC2ZEpoB2ECXTyOVUKuk/bPJZMzwQPBYICzP+D3w==",
      "dev": true
    },
    "node_modules/rgba-regex": {
      "version": "1.0.0",
      "resolved": "https://registry.npmjs.org/rgba-regex/-/rgba-regex-1.0.0.tgz",
      "integrity": "sha512-zgn5OjNQXLUTdq8m17KdaicF6w89TZs8ZU8y0AYENIU6wG8GG6LLm0yLSiPY8DmaYmHdgRW8rnApjoT0fQRfMg==",
      "dev": true
    },
    "node_modules/source-map-js": {
      "version": "1.2.1",
      "resolved": "https://registry.npmjs.org/source-map-js/-/source-map-js-1.2.1.tgz",
      "integrity": "sha512-UXWMKhLOwVKb728IUtQPXxfYU+usdybtUrK/8uGE8CQMvrhOpwvzDBwj0QhSL7MQc7vIsISBG8VQ8+IDQxpfQA==",
      "dev": true,
      "engines": {
        "node": ">=0.10.0"
      }
    },
    "node_modules/specificity": {
      "version": "0.4.1",
      "resolved": "https://registry.npmjs.org/specificity/-/specificity-0.4.1.tgz",
      "integrity": "sha512-1klA3Gi5PD1Wv9Q0wUoOQN1IWAuPu0D1U03ThXTr0cJ20+/iq2tHSDnK7Kk/0LXJ1ztUB2/1Os0wKmfyNgUQfg==",
      "dev": true,
      "bin": {
        "specificity": "bin/specificity"
      }
    },
    "node_modules/vendor-prefixes": {
      "version": "1.0.0",
      "resolved": "https://registry.npmjs.org/vendor-prefixes/-/vendor-prefixes-1.0.0.tgz",
      "integrity": "sha512-oWOptgqBs948A3V9TmAUcVFvb0dJgmeHrcIcWq4rqtmCfaRs93t0+DfJu90V5n3drN0CKBYm4BTi9yvWyKXA+g==",
      "dev": true
    },
    "node_modules/xtend": {
      "version": "4.0.2",
      "resolved": "https://registry.npmjs.org/xtend/-/xtend-4.0.2.tgz",
      "integrity": "sha512-LKYU1iAXJXUgAXn9URjiu+MWhyUXHsvfp7mcuYm9dSUKK0/CjtrUwFAxD82/mCWbtLsGjFIad0wIsod4zrTAEQ==",
      "dev": true,
      "engines": {
        "node": ">=0.4"
      }
    }
  }
}
